
Microsoft Visual Studio Solution File, Format Version 12.00
# Visual Studio Version 17
VisualStudioVersion = 17.9.34728.123
MinimumVisualStudioVersion = 10.0.40219.1
Project("{FAE04EC0-301F-11D3-BF4B-00C04F79EFBC}") = "LibraryManagementSystem", "Library Management System\LibraryManagementSystem.csproj", "{695B273B-EA38-4946-8D38-EA850B6F58EB}"
EndProject
Global
	GlobalSection(SolutionConfigurationPlatforms) = preSolution
		Debug|Any CPU = Debug|Any CPU
		Release|Any CPU = Release|Any CPU
	EndGlobalSection
	GlobalSection(ProjectConfigurationPlatforms) = postSolution
		{695B273B-EA38-4946-8D38-EA850B6F58EB}.Debug|Any CPU.ActiveCfg = Debug|Any CPU
		{695B273B-EA38-4946-8D38-EA850B6F58EB}.Debug|Any CPU.Build.0 = Debug|Any CPU
		{695B273B-EA38-4946-8D38-EA850B6F58EB}.Release|Any CPU.ActiveCfg = Release|Any CPU
		{695B273B-EA38-4946-8D38-EA850B6F58EB}.Release|Any CPU.Build.0 = Release|Any CPU
	EndGlobalSection
	GlobalSection(SolutionProperties) = preSolution
		HideSolutionNode = FALSE
	EndGlobalSection
	GlobalSection(ExtensibilityGlobals) = postSolution
		SolutionGuid = {51BCFD15-2D38-420F-A44E-DA834B82612D}
	EndGlobalSection
EndGlobal
